
Microsoft Visual Studio Solution File, Format Version 12.00
# Visual Studio Version 17
VisualStudioVersion = 17.1.32414.318
MinimumVisualStudioVersion = 10.0.40219.1
Project("{FAE04EC0-301F-11D3-BF4B-00C04F79EFBC}") = "DoctorAppointmentWebApp", "DoctorAppointmentWebApp\DoctorAppointmentWebApp.csproj", "{B8588766-5A0F-4F77-8259-8A9388A139E7}"
EndProject
Global
	GlobalSection(SolutionConfigurationPlatforms) = preSolution
		Debug|Any CPU = Debug|Any CPU
		Release|Any CPU = Release|Any CPU
	EndGlobalSection
	GlobalSection(ProjectConfigurationPlatforms) = postSolution
		{B8588766-5A0F-4F77-8259-8A9388A139E7}.Debug|Any CPU.ActiveCfg = Debug|Any CPU
		{B8588766-5A0F-4F77-8259-8A9388A139E7}.Debug|Any CPU.Build.0 = Debug|Any CPU
		{B8588766-5A0F-4F77-8259-8A9388A139E7}.Release|Any CPU.ActiveCfg = Release|Any CPU
		{B8588766-5A0F-4F77-8259-8A9388A139E7}.Release|Any CPU.Build.0 = Release|Any CPU
	EndGlobalSection
	GlobalSection(SolutionProperties) = preSolution
		HideSolutionNode = FALSE
	EndGlobalSection
	GlobalSection(ExtensibilityGlobals) = postSolution
		SolutionGuid = {96089E32-5B6C-4940-8D0F-F9CE632D4120}
	EndGlobalSection
EndGlobal
